
Microsoft Visual Studio Solution File, Format Version 12.00
# Visual Studio Version 16
VisualStudioVersion = 16.0.31112.23
MinimumVisualStudioVersion = 10.0.40219.1
Project("{FAE04EC0-301F-11D3-BF4B-00C04F79EFBC}") = "SVMUsingAccord", "SVMUsingAccord\SVMUsingAccord.csproj", "{776367D8-D912-4DF0-A822-3920BAEBA93F}"
EndProject
Global
	GlobalSection(SolutionConfigurationPlatforms) = preSolution
		Debug|Any CPU = Debug|Any CPU
		Release|Any CPU = Release|Any CPU
	EndGlobalSection
	GlobalSection(ProjectConfigurationPlatforms) = postSolution
		{776367D8-D912-4DF0-A822-3920BAEBA93F}.Debug|Any CPU.ActiveCfg = Debug|Any CPU
		{776367D8-D912-4DF0-A822-3920BAEBA93F}.Debug|Any CPU.Build.0 = Debug|Any CPU
		{776367D8-D912-4DF0-A822-3920BAEBA93F}.Release|Any CPU.ActiveCfg = Release|Any CPU
		{776367D8-D912-4DF0-A822-3920BAEBA93F}.Release|Any CPU.Build.0 = Release|Any CPU
	EndGlobalSection
	GlobalSection(SolutionProperties) = preSolution
		HideSolutionNode = FALSE
	EndGlobalSection
	GlobalSection(ExtensibilityGlobals) = postSolution
		SolutionGuid = {2DD7143E-A276-4221-A6C2-FBE1D3D448CF}
	EndGlobalSection
EndGlobal
